
Microsoft Visual Studio Solution File, Format Version 12.00
# Visual Studio 2013
VisualStudioVersion = 12.0.40629.0
MinimumVisualStudioVersion = 10.0.40219.1
Project("{FAE04EC0-301F-11D3-BF4B-00C04F79EFBC}") = "nsolar", "nsolar\nsolar.csproj", "{FCBD5DFC-A004-43CC-A922-5DA315CB4C78}"
EndProject
Global
	GlobalSection(SolutionConfigurationPlatforms) = preSolution
		Debug|Any CPU = Debug|Any CPU
		Release|Any CPU = Release|Any CPU
	EndGlobalSection
	GlobalSection(ProjectConfigurationPlatforms) = postSolution
		{FCBD5DFC-A004-43CC-A922-5DA315CB4C78}.Debug|Any CPU.ActiveCfg = Debug|Any CPU
		{FCBD5DFC-A004-43CC-A922-5DA315CB4C78}.Debug|Any CPU.Build.0 = Debug|Any CPU
		{FCBD5DFC-A004-43CC-A922-5DA315CB4C78}.Release|Any CPU.ActiveCfg = Release|Any CPU
		{FCBD5DFC-A004-43CC-A922-5DA315CB4C78}.Release|Any CPU.Build.0 = Release|Any CPU
	EndGlobalSection
	GlobalSection(SolutionProperties) = preSolution
		HideSolutionNode = FALSE
	EndGlobalSection
EndGlobal
